
Microsoft Visual Studio Solution File, Format Version 12.00
# Visual Studio 15
VisualStudioVersion = 15.0.28307.852
MinimumVisualStudioVersion = 10.0.40219.1
Project("{FAE04EC0-301F-11D3-BF4B-00C04F79EFBC}") = "AppGuardaData.Android", "AppGuardaData\AppGuardaData.Android\AppGuardaData.Android.csproj", "{8343D51D-E687-4420-AB8A-CE080DA96477}"
EndProject
Project("{FAE04EC0-301F-11D3-BF4B-00C04F79EFBC}") = "AppGuardaData.iOS", "AppGuardaData\AppGuardaData.iOS\AppGuardaData.iOS.csproj", "{280D3C21-4FF3-452D-B38D-D2788C65B182}"
EndProject
Project("{FAE04EC0-301F-11D3-BF4B-00C04F79EFBC}") = "AppGuardaData.UWP", "AppGuardaData\AppGuardaData.UWP\AppGuardaData.UWP.csproj", "{8562F21E-7F94-4336-8C3C-01DE11CF6D25}"
EndProject
Project("{FAE04EC0-301F-11D3-BF4B-00C04F79EFBC}") = "AppGuardaData", "AppGuardaData\AppGuardaData\AppGuardaData.csproj", "{4113A94E-67F3-41B9-9BDC-127BD66D618A}"
EndProject
Global
	GlobalSection(SolutionConfigurationPlatforms) = preSolution
		Ad-Hoc|Any CPU = Ad-Hoc|Any CPU
		Ad-Hoc|ARM = Ad-Hoc|ARM
		Ad-Hoc|iPhone = Ad-Hoc|iPhone
		Ad-Hoc|iPhoneSimulator = Ad-Hoc|iPhoneSimulator
		Ad-Hoc|x64 = Ad-Hoc|x64
		Ad-Hoc|x86 = Ad-Hoc|x86
		AppStore|Any CPU = AppStore|Any CPU
		AppStore|ARM = AppStore|ARM
		AppStore|iPhone = AppStore|iPhone
		AppStore|iPhoneSimulator = AppStore|iPhoneSimulator
		AppStore|x64 = AppStore|x64
		AppStore|x86 = AppStore|x86
		Debug|Any CPU = Debug|Any CPU
		Debug|ARM = Debug|ARM
		Debug|iPhone = Debug|iPhone
		Debug|iPhoneSimulator = Debug|iPhoneSimulator
		Debug|x64 = Debug|x64
		Debug|x86 = Debug|x86
		Release|Any CPU = Release|Any CPU
		Release|ARM = Release|ARM
		Release|iPhone = Release|iPhone
		Release|iPhoneSimulator = Release|iPhoneSimulator
		Release|x64 = Release|x64
		Release|x86 = Release|x86
	EndGlobalSection
	GlobalSection(ProjectConfigurationPlatforms) = postSolution
		{8343D51D-E687-4420-AB8A-CE080DA96477}.Ad-Hoc|Any CPU.ActiveCfg = Release|Any CPU
		{8343D51D-E687-4420-AB8A-CE080DA96477}.Ad-Hoc|Any CPU.Build.0 = Release|Any CPU
		{8343D51D-E687-4420-AB8A-CE080DA96477}.Ad-Hoc|Any CPU.Deploy.0 = Release|Any CPU
		{8343D51D-E687-4420-AB8A-CE080DA96477}.Ad-Hoc|ARM.ActiveCfg = Release|Any CPU
		{8343D51D-E687-4420-AB8A-CE080DA96477}.Ad-Hoc|ARM.Build.0 = Release|Any CPU
		{8343D51D-E687-4420-AB8A-CE080DA96477}.Ad-Hoc|ARM.Deploy.0 = Release|Any CPU
		{8343D51D-E687-4420-AB8A-CE080DA96477}.Ad-Hoc|iPhone.ActiveCfg = Release|Any CPU
		{8343D51D-E687-4420-AB8A-CE080DA96477}.Ad-Hoc|iPhone.Build.0 = Release|Any CPU
		{8343D51D-E687-4420-AB8A-CE080DA96477}.Ad-Hoc|iPhone.Deploy.0 = Release|Any CPU
		{8343D51D-E687-4420-AB8A-CE080DA96477}.Ad-Hoc|iPhoneSimulator.ActiveCfg = Release|Any CPU
		{8343D51D-E687-4420-AB8A-CE080DA96477}.Ad-Hoc|iPhoneSimulator.Build.0 = Release|Any CPU
		{8343D51D-E687-4420-AB8A-CE080DA96477}.Ad-Hoc|iPhoneSimulator.Deploy.0 = Release|Any CPU
		{8343D51D-E687-4420-AB8A-CE080DA96477}.Ad-Hoc|x64.ActiveCfg = Release|Any CPU
		{8343D51D-E687-4420-AB8A-CE080DA96477}.Ad-Hoc|x64.Build.0 = Release|Any CPU
		{8343D51D-E687-4420-AB8A-CE080DA96477}.Ad-Hoc|x64.Deploy.0 = Release|Any CPU
		{8343D51D-E687-4420-AB8A-CE080DA96477}.Ad-Hoc|x86.ActiveCfg = Release|Any CPU
		{8343D51D-E687-4420-AB8A-CE080DA96477}.Ad-Hoc|x86.Build.0 = Release|Any CPU
		{8343D51D-E687-4420-AB8A-CE080DA96477}.Ad-Hoc|x86.Deploy.0 = Release|Any CPU
		{8343D51D-E687-4420-AB8A-CE080DA96477}.AppStore|Any CPU.ActiveCfg = Release|Any CPU
		{8343D51D-E687-4420-AB8A-CE080DA96477}.AppStore|Any CPU.Build.0 = Release|Any CPU
		{8343D51D-E687-4420-AB8A-CE080DA96477}.AppStore|Any CPU.Deploy.0 = Release|Any CPU
		{8343D51D-E687-4420-AB8A-CE080DA96477}.AppStore|ARM.ActiveCfg = Release|Any CPU
		{8343D51D-E687-4420-AB8A-CE080DA96477}.AppStore|ARM.Build.0 = Release|Any CPU
		{8343D51D-E687-4420-AB8A-CE080DA96477}.AppStore|ARM.Deploy.0 = Release|Any CPU
		{8343D51D-E687-4420-AB8A-CE080DA96477}.AppStore|iPhone.ActiveCfg = Release|Any CPU
		{8343D51D-E687-4420-AB8A-CE080DA96477}.AppStore|iPhone.Build.0 = Release|Any CPU
		{8343D51D-E687-4420-AB8A-CE080DA96477}.AppStore|iPhone.Deploy.0 = Release|Any CPU
		{8343D51D-E687-4420-AB8A-CE080DA96477}.AppStore|iPhoneSimulator.ActiveCfg = Release|Any CPU
		{8343D51D-E687-4420-AB8A-CE080DA96477}.AppStore|iPhoneSimulator.Build.0 = Release|Any CPU
		{8343D51D-E687-4420-AB8A-CE080DA96477}.AppStore|iPhoneSimulator.Deploy.0 = Release|Any CPU
		{8343D51D-E687-4420-AB8A-CE080DA96477}.AppStore|x64.ActiveCfg = Release|Any CPU
		{8343D51D-E687-4420-AB8A-CE080DA96477}.AppStore|x64.Build.0 = Release|Any CPU
		{8343D51D-E687-4420-AB8A-CE080DA96477}.AppStore|x64.Deploy.0 = Release|Any CPU
		{8343D51D-E687-4420-AB8A-CE080DA96477}.AppStore|x86.ActiveCfg = Release|Any CPU
		{8343D51D-E687-4420-AB8A-CE080DA96477}.AppStore|x86.Build.0 = Release|Any CPU
		{8343D51D-E687-4420-AB8A-CE080DA96477}.AppStore|x86.Deploy.0 = Release|Any CPU
		{8343D51D-E687-4420-AB8A-CE080DA96477}.Debug|Any CPU.ActiveCfg = Debug|Any CPU
		{8343D51D-E687-4420-AB8A-CE080DA96477}.Debug|Any CPU.Build.0 = Debug|Any CPU
		{8343D51D-E687-4420-AB8A-CE080DA96477}.Debug|Any CPU.Deploy.0 = Debug|Any CPU
		{8343D51D-E687-4420-AB8A-CE080DA96477}.Debug|ARM.ActiveCfg = Debug|Any CPU
		{8343D51D-E687-4420-AB8A-CE080DA96477}.Debug|ARM.Build.0 = Debug|Any CPU
		{8343D51D-E687-4420-AB8A-CE080DA96477}.Debug|ARM.Deploy.0 = Debug|Any CPU
		{8343D51D-E687-4420-AB8A-CE080DA96477}.Debug|iPhone.ActiveCfg = Debug|Any CPU
		{8343D51D-E687-4420-AB8A-CE080DA96477}.Debug|iPhone.Build.0 = Debug|Any CPU
		{8343D51D-E687-4420-AB8A-CE080DA96477}.Debug|iPhone.Deploy.0 = Debug|Any CPU
		{8343D51D-E687-4420-AB8A-CE080DA96477}.Debug|iPhoneSimulator.ActiveCfg = Debug|Any CPU
		{8343D51D-E687-4420-AB8A-CE080DA96477}.Debug|iPhoneSimulator.Build.0 = Debug|Any CPU
		{8343D51D-E687-4420-AB8A-CE080DA96477}.Debug|iPhoneSimulator.Deploy.0 = Debug|Any CPU
		{8343D51D-E687-4420-AB8A-CE080DA96477}.Debug|x64.ActiveCfg = Debug|Any CPU
		{8343D51D-E687-4420-AB8A-CE080DA96477}.Debug|x64.Build.0 = Debug|Any CPU
		{8343D51D-E687-4420-AB8A-CE080DA96477}.Debug|x64.Deploy.0 = Debug|Any CPU
		{8343D51D-E687-4420-AB8A-CE080DA96477}.Debug|x86.ActiveCfg = Debug|Any CPU
		{8343D51D-E687-4420-AB8A-CE080DA96477}.Debug|x86.Build.0 = Debug|Any CPU
		{8343D51D-E687-4420-AB8A-CE080DA96477}.Debug|x86.Deploy.0 = Debug|Any CPU
		{8343D51D-E687-4420-AB8A-CE080DA96477}.Release|Any CPU.ActiveCfg = Release|Any CPU
		{8343D51D-E687-4420-AB8A-CE080DA96477}.Release|Any CPU.Build.0 = Release|Any CPU
		{8343D51D-E687-4420-AB8A-CE080DA96477}.Release|Any CPU.Deploy.0 = Release|Any CPU
		{8343D51D-E687-4420-AB8A-CE080DA96477}.Release|ARM.ActiveCfg = Release|Any CPU
		{8343D51D-E687-4420-AB8A-CE080DA96477}.Release|ARM.Build.0 = Release|Any CPU
		{8343D51D-E687-4420-AB8A-CE080DA96477}.Release|ARM.Deploy.0 = Release|Any CPU
		{8343D51D-E687-4420-AB8A-CE080DA96477}.Release|iPhone.ActiveCfg = Release|Any CPU
		{8343D51D-E687-4420-AB8A-CE080DA96477}.Release|iPhone.Build.0 = Release|Any CPU
		{8343D51D-E687-4420-AB8A-CE080DA96477}.Release|iPhone.Deploy.0 = Release|Any CPU
		{8343D51D-E687-4420-AB8A-CE080DA96477}.Release|iPhoneSimulator.ActiveCfg = Release|Any CPU
		{8343D51D-E687-4420-AB8A-CE080DA96477}.Release|iPhoneSimulator.Build.0 = Release|Any CPU
		{8343D51D-E687-4420-AB8A-CE080DA96477}.Release|iPhoneSimulator.Deploy.0 = Release|Any CPU
		{8343D51D-E687-4420-AB8A-CE080DA96477}.Release|x64.ActiveCfg = Release|Any CPU
		{8343D51D-E687-4420-AB8A-CE080DA96477}.Release|x64.Build.0 = Release|Any CPU
		{8343D51D-E687-4420-AB8A-CE080DA96477}.Release|x64.Deploy.0 = Release|Any CPU
		{8343D51D-E687-4420-AB8A-CE080DA96477}.Release|x86.ActiveCfg = Release|Any CPU
		{8343D51D-E687-4420-AB8A-CE080DA96477}.Release|x86.Build.0 = Release|Any CPU
		{8343D51D-E687-4420-AB8A-CE080DA96477}.Release|x86.Deploy.0 = Release|Any CPU
		{280D3C21-4FF3-452D-B38D-D2788C65B182}.Ad-Hoc|Any CPU.ActiveCfg = Ad-Hoc|iPhone
		{280D3C21-4FF3-452D-B38D-D2788C65B182}.Ad-Hoc|Any CPU.Build.0 = Ad-Hoc|iPhone
		{280D3C21-4FF3-452D-B38D-D2788C65B182}.Ad-Hoc|Any CPU.Deploy.0 = Ad-Hoc|iPhone
		{280D3C21-4FF3-452D-B38D-D2788C65B182}.Ad-Hoc|ARM.ActiveCfg = Ad-Hoc|iPhone
		{280D3C21-4FF3-452D-B38D-D2788C65B182}.Ad-Hoc|ARM.Build.0 = Ad-Hoc|iPhone
		{280D3C21-4FF3-452D-B38D-D2788C65B182}.Ad-Hoc|ARM.Deploy.0 = Ad-Hoc|iPhone
		{280D3C21-4FF3-452D-B38D-D2788C65B182}.Ad-Hoc|iPhone.ActiveCfg = Ad-Hoc|iPhone
		{280D3C21-4FF3-452D-B38D-D2788C65B182}.Ad-Hoc|iPhone.Build.0 = Ad-Hoc|iPhone
		{280D3C21-4FF3-452D-B38D-D2788C65B182}.Ad-Hoc|iPhone.Deploy.0 = Ad-Hoc|iPhone
		{280D3C21-4FF3-452D-B38D-D2788C65B182}.Ad-Hoc|iPhoneSimulator.ActiveCfg = Ad-Hoc|iPhoneSimulator
		{280D3C21-4FF3-452D-B38D-D2788C65B182}.Ad-Hoc|iPhoneSimulator.Build.0 = Ad-Hoc|iPhoneSimulator
		{280D3C21-4FF3-452D-B38D-D2788C65B182}.Ad-Hoc|iPhoneSimulator.Deploy.0 = Ad-Hoc|iPhoneSimulator
		{280D3C21-4FF3-452D-B38D-D2788C65B182}.Ad-Hoc|x64.ActiveCfg = Ad-Hoc|iPhone
		{280D3C21-4FF3-452D-B38D-D2788C65B182}.Ad-Hoc|x64.Build.0 = Ad-Hoc|iPhone
		{280D3C21-4FF3-452D-B38D-D2788C65B182}.Ad-Hoc|x64.Deploy.0 = Ad-Hoc|iPhone
		{280D3C21-4FF3-452D-B38D-D2788C65B182}.Ad-Hoc|x86.ActiveCfg = Ad-Hoc|iPhone
		{280D3C21-4FF3-452D-B38D-D2788C65B182}.Ad-Hoc|x86.Build.0 = Ad-Hoc|iPhone
		{280D3C21-4FF3-452D-B38D-D2788C65B182}.Ad-Hoc|x86.Deploy.0 = Ad-Hoc|iPhone
		{280D3C21-4FF3-452D-B38D-D2788C65B182}.AppStore|Any CPU.ActiveCfg = AppStore|iPhone
		{280D3C21-4FF3-452D-B38D-D2788C65B182}.AppStore|Any CPU.Build.0 = AppStore|iPhone
		{280D3C21-4FF3-452D-B38D-D2788C65B182}.AppStore|Any CPU.Deploy.0 = AppStore|iPhone
		{280D3C21-4FF3-452D-B38D-D2788C65B182}.AppStore|ARM.ActiveCfg = AppStore|iPhone
		{280D3C21-4FF3-452D-B38D-D2788C65B182}.AppStore|ARM.Build.0 = AppStore|iPhone
		{280D3C21-4FF3-452D-B38D-D2788C65B182}.AppStore|ARM.Deploy.0 = AppStore|iPhone
		{280D3C21-4FF3-452D-B38D-D2788C65B182}.AppStore|iPhone.ActiveCfg = AppStore|iPhone
		{280D3C21-4FF3-452D-B38D-D2788C65B182}.AppStore|iPhone.Build.0 = AppStore|iPhone
		{280D3C21-4FF3-452D-B38D-D2788C65B182}.AppStore|iPhone.Deploy.0 = AppStore|iPhone
		{280D3C21-4FF3-452D-B38D-D2788C65B182}.AppStore|iPhoneSimulator.ActiveCfg = AppStore|iPhoneSimulator
		{280D3C21-4FF3-452D-B38D-D2788C65B182}.AppStore|iPhoneSimulator.Build.0 = AppStore|iPhoneSimulator
		{280D3C21-4FF3-452D-B38D-D2788C65B182}.AppStore|iPhoneSimulator.Deploy.0 = AppStore|iPhoneSimulator
		{280D3C21-4FF3-452D-B38D-D2788C65B182}.AppStore|x64.ActiveCfg = AppStore|iPhone
		{280D3C21-4FF3-452D-B38D-D2788C65B182}.AppStore|x64.Build.0 = AppStore|iPhone
		{280D3C21-4FF3-452D-B38D-D2788C65B182}.AppStore|x64.Deploy.0 = AppStore|iPhone
		{280D3C21-4FF3-452D-B38D-D2788C65B182}.AppStore|x86.ActiveCfg = AppStore|iPhone
		{280D3C21-4FF3-452D-B38D-D2788C65B182}.AppStore|x86.Build.0 = AppStore|iPhone
		{280D3C21-4FF3-452D-B38D-D2788C65B182}.AppStore|x86.Deploy.0 = AppStore|iPhone
		{280D3C21-4FF3-452D-B38D-D2788C65B182}.Debug|Any CPU.ActiveCfg = Debug|iPhoneSimulator
		{280D3C21-4FF3-452D-B38D-D2788C65B182}.Debug|Any CPU.Build.0 = Debug|iPhoneSimulator
		{280D3C21-4FF3-452D-B38D-D2788C65B182}.Debug|Any CPU.Deploy.0 = Debug|iPhoneSimulator
		{280D3C21-4FF3-452D-B38D-D2788C65B182}.Debug|ARM.ActiveCfg = Debug|iPhone
		{280D3C21-4FF3-452D-B38D-D2788C65B182}.Debug|ARM.Build.0 = Debug|iPhone
		{280D3C21-4FF3-452D-B38D-D2788C65B182}.Debug|ARM.Deploy.0 = Debug|iPhone
		{280D3C21-4FF3-452D-B38D-D2788C65B182}.Debug|iPhone.ActiveCfg = Debug|iPhone
		{280D3C21-4FF3-452D-B38D-D2788C65B182}.Debug|iPhone.Build.0 = Debug|iPhone
		{280D3C21-4FF3-452D-B38D-D2788C65B182}.Debug|iPhone.Deploy.0 = Debug|iPhone
		{280D3C21-4FF3-452D-B38D-D2788C65B182}.Debug|iPhoneSimulator.ActiveCfg = Debug|iPhoneSimulator
		{280D3C21-4FF3-452D-B38D-D2788C65B182}.Debug|iPhoneSimulator.Build.0 = Debug|iPhoneSimulator
		{280D3C21-4FF3-452D-B38D-D2788C65B182}.Debug|iPhoneSimulator.Deploy.0 = Debug|iPhoneSimulator
		{280D3C21-4FF3-452D-B38D-D2788C65B182}.Debug|x64.ActiveCfg = Debug|iPhone
		{280D3C21-4FF3-452D-B38D-D2788C65B182}.Debug|x64.Build.0 = Debug|iPhone
		{280D3C21-4FF3-452D-B38D-D2788C65B182}.Debug|x64.Deploy.0 = Debug|iPhone
		{280D3C21-4FF3-452D-B38D-D2788C65B182}.Debug|x86.ActiveCfg = Debug|iPhone
		{280D3C21-4FF3-452D-B38D-D2788C65B182}.Debug|x86.Build.0 = Debug|iPhone
		{280D3C21-4FF3-452D-B38D-D2788C65B182}.Debug|x86.Deploy.0 = Debug|iPhone
		{280D3C21-4FF3-452D-B38D-D2788C65B182}.Release|Any CPU.ActiveCfg = Release|iPhone
		{280D3C21-4FF3-452D-B38D-D2788C65B182}.Release|Any CPU.Build.0 = Release|iPhone
		{280D3C21-4FF3-452D-B38D-D2788C65B182}.Release|Any CPU.Deploy.0 = Release|iPhone
		{280D3C21-4FF3-452D-B38D-D2788C65B182}.Release|ARM.ActiveCfg = Release|iPhone
		{280D3C21-4FF3-452D-B38D-D2788C65B182}.Release|ARM.Build.0 = Release|iPhone
		{280D3C21-4FF3-452D-B38D-D2788C65B182}.Release|ARM.Deploy.0 = Release|iPhone
		{280D3C21-4FF3-452D-B38D-D2788C65B182}.Release|iPhone.ActiveCfg = Release|iPhone
		{280D3C21-4FF3-452D-B38D-D2788C65B182}.Release|iPhone.Build.0 = Release|iPhone
		{280D3C21-4FF3-452D-B38D-D2788C65B182}.Release|iPhone.Deploy.0 = Release|iPhone
		{280D3C21-4FF3-452D-B38D-D2788C65B182}.Release|iPhoneSimulator.ActiveCfg = Release|iPhoneSimulator
		{280D3C21-4FF3-452D-B38D-D2788C65B182}.Release|iPhoneSimulator.Build.0 = Release|iPhoneSimulator
		{280D3C21-4FF3-452D-B38D-D2788C65B182}.Release|iPhoneSimulator.Deploy.0 = Release|iPhoneSimulator
		{280D3C21-4FF3-452D-B38D-D2788C65B182}.Release|x64.ActiveCfg = Release|iPhone
		{280D3C21-4FF3-452D-B38D-D2788C65B182}.Release|x64.Build.0 = Release|iPhone
		{280D3C21-4FF3-452D-B38D-D2788C65B182}.Release|x64.Deploy.0 = Release|iPhone
		{280D3C21-4FF3-452D-B38D-D2788C65B182}.Release|x86.ActiveCfg = Release|iPhone
		{280D3C21-4FF3-452D-B38D-D2788C65B182}.Release|x86.Build.0 = Release|iPhone
		{280D3C21-4FF3-452D-B38D-D2788C65B182}.Release|x86.Deploy.0 = Release|iPhone
		{8562F21E-7F94-4336-8C3C-01DE11CF6D25}.Ad-Hoc|Any CPU.ActiveCfg = Release|x86
		{8562F21E-7F94-4336-8C3C-01DE11CF6D25}.Ad-Hoc|Any CPU.Build.0 = Release|x86
		{8562F21E-7F94-4336-8C3C-01DE11CF6D25}.Ad-Hoc|Any CPU.Deploy.0 = Release|x86
		{8562F21E-7F94-4336-8C3C-01DE11CF6D25}.Ad-Hoc|ARM.ActiveCfg = Release|ARM
		{8562F21E-7F94-4336-8C3C-01DE11CF6D25}.Ad-Hoc|ARM.Build.0 = Release|ARM
		{8562F21E-7F94-4336-8C3C-01DE11CF6D25}.Ad-Hoc|ARM.Deploy.0 = Release|ARM
		{8562F21E-7F94-4336-8C3C-01DE11CF6D25}.Ad-Hoc|iPhone.ActiveCfg = Release|x86
		{8562F21E-7F94-4336-8C3C-01DE11CF6D25}.Ad-Hoc|iPhone.Build.0 = Release|x86
		{8562F21E-7F94-4336-8C3C-01DE11CF6D25}.Ad-Hoc|iPhone.Deploy.0 = Release|x86
		{8562F21E-7F94-4336-8C3C-01DE11CF6D25}.Ad-Hoc|iPhoneSimulator.ActiveCfg = Release|x86
		{8562F21E-7F94-4336-8C3C-01DE11CF6D25}.Ad-Hoc|iPhoneSimulator.Build.0 = Release|x86
		{8562F21E-7F94-4336-8C3C-01DE11CF6D25}.Ad-Hoc|iPhoneSimulator.Deploy.0 = Release|x86
		{8562F21E-7F94-4336-8C3C-01DE11CF6D25}.Ad-Hoc|x64.ActiveCfg = Release|x64
		{8562F21E-7F94-4336-8C3C-01DE11CF6D25}.Ad-Hoc|x64.Build.0 = Release|x64
		{8562F21E-7F94-4336-8C3C-01DE11CF6D25}.Ad-Hoc|x64.Deploy.0 = Release|x64
		{8562F21E-7F94-4336-8C3C-01DE11CF6D25}.Ad-Hoc|x86.ActiveCfg = Release|x86
		{8562F21E-7F94-4336-8C3C-01DE11CF6D25}.Ad-Hoc|x86.Build.0 = Release|x86
		{8562F21E-7F94-4336-8C3C-01DE11CF6D25}.Ad-Hoc|x86.Deploy.0 = Release|x86
		{8562F21E-7F94-4336-8C3C-01DE11CF6D25}.AppStore|Any CPU.ActiveCfg = Release|x86
		{8562F21E-7F94-4336-8C3C-01DE11CF6D25}.AppStore|Any CPU.Build.0 = Release|x86
		{8562F21E-7F94-4336-8C3C-01DE11CF6D25}.AppStore|Any CPU.Deploy.0 = Release|x86
		{8562F21E-7F94-4336-8C3C-01DE11CF6D25}.AppStore|ARM.ActiveCfg = Release|ARM
		{8562F21E-7F94-4336-8C3C-01DE11CF6D25}.AppStore|ARM.Build.0 = Release|ARM
		{8562F21E-7F94-4336-8C3C-01DE11CF6D25}.AppStore|ARM.Deploy.0 = Release|ARM
		{8562F21E-7F94-4336-8C3C-01DE11CF6D25}.AppStore|iPhone.ActiveCfg = Release|x86
		{8562F21E-7F94-4336-8C3C-01DE11CF6D25}.AppStore|iPhone.Build.0 = Release|x86
		{8562F21E-7F94-4336-8C3C-01DE11CF6D25}.AppStore|iPhone.Deploy.0 = Release|x86
		{8562F21E-7F94-4336-8C3C-01DE11CF6D25}.AppStore|iPhoneSimulator.ActiveCfg = Release|x86
		{8562F21E-7F94-4336-8C3C-01DE11CF6D25}.AppStore|iPhoneSimulator.Build.0 = Release|x86
		{8562F21E-7F94-4336-8C3C-01DE11CF6D25}.AppStore|iPhoneSimulator.Deploy.0 = Release|x86
		{8562F21E-7F94-4336-8C3C-01DE11CF6D25}.AppStore|x64.ActiveCfg = Release|x64
		{8562F21E-7F94-4336-8C3C-01DE11CF6D25}.AppStore|x64.Build.0 = Release|x64
		{8562F21E-7F94-4336-8C3C-01DE11CF6D25}.AppStore|x64.Deploy.0 = Release|x64
		{8562F21E-7F94-4336-8C3C-01DE11CF6D25}.AppStore|x86.ActiveCfg = Release|x86
		{8562F21E-7F94-4336-8C3C-01DE11CF6D25}.AppStore|x86.Build.0 = Release|x86
		{8562F21E-7F94-4336-8C3C-01DE11CF6D25}.AppStore|x86.Deploy.0 = Release|x86
		{8562F21E-7F94-4336-8C3C-01DE11CF6D25}.Debug|Any CPU.ActiveCfg = Debug|x86
		{8562F21E-7F94-4336-8C3C-01DE11CF6D25}.Debug|Any CPU.Build.0 = Debug|x86
		{8562F21E-7F94-4336-8C3C-01DE11CF6D25}.Debug|Any CPU.Deploy.0 = Debug|x86
		{8562F21E-7F94-4336-8C3C-01DE11CF6D25}.Debug|ARM.ActiveCfg = Debug|ARM
		{8562F21E-7F94-4336-8C3C-01DE11CF6D25}.Debug|ARM.Build.0 = Debug|ARM
		{8562F21E-7F94-4336-8C3C-01DE11CF6D25}.Debug|ARM.Deploy.0 = Debug|ARM
		{8562F21E-7F94-4336-8C3C-01DE11CF6D25}.Debug|iPhone.ActiveCfg = Debug|x86
		{8562F21E-7F94-4336-8C3C-01DE11CF6D25}.Debug|iPhone.Build.0 = Debug|x86
		{8562F21E-7F94-4336-8C3C-01DE11CF6D25}.Debug|iPhone.Deploy.0 = Debug|x86
		{8562F21E-7F94-4336-8C3C-01DE11CF6D25}.Debug|iPhoneSimulator.ActiveCfg = Debug|x86
		{8562F21E-7F94-4336-8C3C-01DE11CF6D25}.Debug|iPhoneSimulator.Build.0 = Debug|x86
		{8562F21E-7F94-4336-8C3C-01DE11CF6D25}.Debug|iPhoneSimulator.Deploy.0 = Debug|x86
		{8562F21E-7F94-4336-8C3C-01DE11CF6D25}.Debug|x64.ActiveCfg = Debug|x64
		{8562F21E-7F94-4336-8C3C-01DE11CF6D25}.Debug|x64.Build.0 = Debug|x64
		{8562F21E-7F94-4336-8C3C-01DE11CF6D25}.Debug|x64.Deploy.0 = Debug|x64
		{8562F21E-7F94-4336-8C3C-01DE11CF6D25}.Debug|x86.ActiveCfg = Debug|x86
		{8562F21E-7F94-4336-8C3C-01DE11CF6D25}.Debug|x86.Build.0 = Debug|x86
		{8562F21E-7F94-4336-8C3C-01DE11CF6D25}.Debug|x86.Deploy.0 = Debug|x86
		{8562F21E-7F94-4336-8C3C-01DE11CF6D25}.Release|Any CPU.ActiveCfg = Release|x86
		{8562F21E-7F94-4336-8C3C-01DE11CF6D25}.Release|Any CPU.Build.0 = Release|x86
		{8562F21E-7F94-4336-8C3C-01DE11CF6D25}.Release|Any CPU.Deploy.0 = Release|x86
		{8562F21E-7F94-4336-8C3C-01DE11CF6D25}.Release|ARM.ActiveCfg = Release|ARM
		{8562F21E-7F94-4336-8C3C-01DE11CF6D25}.Release|ARM.Build.0 = Release|ARM
		{8562F21E-7F94-4336-8C3C-01DE11CF6D25}.Release|ARM.Deploy.0 = Release|ARM
		{8562F21E-7F94-4336-8C3C-01DE11CF6D25}.Release|iPhone.ActiveCfg = Release|x86
		{8562F21E-7F94-4336-8C3C-01DE11CF6D25}.Release|iPhone.Build.0 = Release|x86
		{8562F21E-7F94-4336-8C3C-01DE11CF6D25}.Release|iPhone.Deploy.0 = Release|x86
		{8562F21E-7F94-4336-8C3C-01DE11CF6D25}.Release|iPhoneSimulator.ActiveCfg = Release|x86
		{8562F21E-7F94-4336-8C3C-01DE11CF6D25}.Release|iPhoneSimulator.Build.0 = Release|x86
		{8562F21E-7F94-4336-8C3C-01DE11CF6D25}.Release|iPhoneSimulator.Deploy.0 = Release|x86
		{8562F21E-7F94-4336-8C3C-01DE11CF6D25}.Release|x64.ActiveCfg = Release|x64
		{8562F21E-7F94-4336-8C3C-01DE11CF6D25}.Release|x64.Build.0 = Release|x64
		{8562F21E-7F94-4336-8C3C-01DE11CF6D25}.Release|x64.Deploy.0 = Release|x64
		{8562F21E-7F94-4336-8C3C-01DE11CF6D25}.Release|x86.ActiveCfg = Release|x86
		{8562F21E-7F94-4336-8C3C-01DE11CF6D25}.Release|x86.Build.0 = Release|x86
		{8562F21E-7F94-4336-8C3C-01DE11CF6D25}.Release|x86.Deploy.0 = Release|x86
		{4113A94E-67F3-41B9-9BDC-127BD66D618A}.Ad-Hoc|Any CPU.ActiveCfg = Debug|Any CPU
		{4113A94E-67F3-41B9-9BDC-127BD66D618A}.Ad-Hoc|Any CPU.Build.0 = Debug|Any CPU
		{4113A94E-67F3-41B9-9BDC-127BD66D618A}.Ad-Hoc|Any CPU.Deploy.0 = Debug|Any CPU
		{4113A94E-67F3-41B9-9BDC-127BD66D618A}.Ad-Hoc|ARM.ActiveCfg = Debug|Any CPU
		{4113A94E-67F3-41B9-9BDC-127BD66D618A}.Ad-Hoc|ARM.Build.0 = Debug|Any CPU
		{4113A94E-67F3-41B9-9BDC-127BD66D618A}.Ad-Hoc|ARM.Deploy.0 = Debug|Any CPU
		{4113A94E-67F3-41B9-9BDC-127BD66D618A}.Ad-Hoc|iPhone.ActiveCfg = Debug|Any CPU
		{4113A94E-67F3-41B9-9BDC-127BD66D618A}.Ad-Hoc|iPhone.Build.0 = Debug|Any CPU
		{4113A94E-67F3-41B9-9BDC-127BD66D618A}.Ad-Hoc|iPhone.Deploy.0 = Debug|Any CPU
		{4113A94E-67F3-41B9-9BDC-127BD66D618A}.Ad-Hoc|iPhoneSimulator.ActiveCfg = Debug|Any CPU
		{4113A94E-67F3-41B9-9BDC-127BD66D618A}.Ad-Hoc|iPhoneSimulator.Build.0 = Debug|Any CPU
		{4113A94E-67F3-41B9-9BDC-127BD66D618A}.Ad-Hoc|iPhoneSimulator.Deploy.0 = Debug|Any CPU
		{4113A94E-67F3-41B9-9BDC-127BD66D618A}.Ad-Hoc|x64.ActiveCfg = Debug|Any CPU
		{4113A94E-67F3-41B9-9BDC-127BD66D618A}.Ad-Hoc|x64.Build.0 = Debug|Any CPU
		{4113A94E-67F3-41B9-9BDC-127BD66D618A}.Ad-Hoc|x64.Deploy.0 = Debug|Any CPU
		{4113A94E-67F3-41B9-9BDC-127BD66D618A}.Ad-Hoc|x86.ActiveCfg = Debug|Any CPU
		{4113A94E-67F3-41B9-9BDC-127BD66D618A}.Ad-Hoc|x86.Build.0 = Debug|Any CPU
		{4113A94E-67F3-41B9-9BDC-127BD66D618A}.Ad-Hoc|x86.Deploy.0 = Debug|Any CPU
		{4113A94E-67F3-41B9-9BDC-127BD66D618A}.AppStore|Any CPU.ActiveCfg = Debug|Any CPU
		{4113A94E-67F3-41B9-9BDC-127BD66D618A}.AppStore|Any CPU.Build.0 = Debug|Any CPU
		{4113A94E-67F3-41B9-9BDC-127BD66D618A}.AppStore|Any CPU.Deploy.0 = Debug|Any CPU
		{4113A94E-67F3-41B9-9BDC-127BD66D618A}.AppStore|ARM.ActiveCfg = Debug|Any CPU
		{4113A94E-67F3-41B9-9BDC-127BD66D618A}.AppStore|ARM.Build.0 = Debug|Any CPU
		{4113A94E-67F3-41B9-9BDC-127BD66D618A}.AppStore|ARM.Deploy.0 = Debug|Any CPU
		{4113A94E-67F3-41B9-9BDC-127BD66D618A}.AppStore|iPhone.ActiveCfg = Debug|Any CPU
		{4113A94E-67F3-41B9-9BDC-127BD66D618A}.AppStore|iPhone.Build.0 = Debug|Any CPU
		{4113A94E-67F3-41B9-9BDC-127BD66D618A}.AppStore|iPhone.Deploy.0 = Debug|Any CPU
		{4113A94E-67F3-41B9-9BDC-127BD66D618A}.AppStore|iPhoneSimulator.ActiveCfg = Debug|Any CPU
		{4113A94E-67F3-41B9-9BDC-127BD66D618A}.AppStore|iPhoneSimulator.Build.0 = Debug|Any CPU
		{4113A94E-67F3-41B9-9BDC-127BD66D618A}.AppStore|iPhoneSimulator.Deploy.0 = Debug|Any CPU
		{4113A94E-67F3-41B9-9BDC-127BD66D618A}.AppStore|x64.ActiveCfg = Debug|Any CPU
		{4113A94E-67F3-41B9-9BDC-127BD66D618A}.AppStore|x64.Build.0 = Debug|Any CPU
		{4113A94E-67F3-41B9-9BDC-127BD66D618A}.AppStore|x64.Deploy.0 = Debug|Any CPU
		{4113A94E-67F3-41B9-9BDC-127BD66D618A}.AppStore|x86.ActiveCfg = Debug|Any CPU
		{4113A94E-67F3-41B9-9BDC-127BD66D618A}.AppStore|x86.Build.0 = Debug|Any CPU
		{4113A94E-67F3-41B9-9BDC-127BD66D618A}.AppStore|x86.Deploy.0 = Debug|Any CPU
		{4113A94E-67F3-41B9-9BDC-127BD66D618A}.Debug|Any CPU.ActiveCfg = Debug|Any CPU
		{4113A94E-67F3-41B9-9BDC-127BD66D618A}.Debug|Any CPU.Build.0 = Debug|Any CPU
		{4113A94E-67F3-41B9-9BDC-127BD66D618A}.Debug|Any CPU.Deploy.0 = Debug|Any CPU
		{4113A94E-67F3-41B9-9BDC-127BD66D618A}.Debug|ARM.ActiveCfg = Debug|Any CPU
		{4113A94E-67F3-41B9-9BDC-127BD66D618A}.Debug|ARM.Build.0 = Debug|Any CPU
		{4113A94E-67F3-41B9-9BDC-127BD66D618A}.Debug|ARM.Deploy.0 = Debug|Any CPU
		{4113A94E-67F3-41B9-9BDC-127BD66D618A}.Debug|iPhone.ActiveCfg = Debug|Any CPU
		{4113A94E-67F3-41B9-9BDC-127BD66D618A}.Debug|iPhone.Build.0 = Debug|Any CPU
		{4113A94E-67F3-41B9-9BDC-127BD66D618A}.Debug|iPhone.Deploy.0 = Debug|Any CPU
		{4113A94E-67F3-41B9-9BDC-127BD66D618A}.Debug|iPhoneSimulator.ActiveCfg = Debug|Any CPU
		{4113A94E-67F3-41B9-9BDC-127BD66D618A}.Debug|iPhoneSimulator.Build.0 = Debug|Any CPU
		{4113A94E-67F3-41B9-9BDC-127BD66D618A}.Debug|iPhoneSimulator.Deploy.0 = Debug|Any CPU
		{4113A94E-67F3-41B9-9BDC-127BD66D618A}.Debug|x64.ActiveCfg = Debug|Any CPU
		{4113A94E-67F3-41B9-9BDC-127BD66D618A}.Debug|x64.Build.0 = Debug|Any CPU
		{4113A94E-67F3-41B9-9BDC-127BD66D618A}.Debug|x64.Deploy.0 = Debug|Any CPU
		{4113A94E-67F3-41B9-9BDC-127BD66D618A}.Debug|x86.ActiveCfg = Debug|Any CPU
		{4113A94E-67F3-41B9-9BDC-127BD66D618A}.Debug|x86.Build.0 = Debug|Any CPU
		{4113A94E-67F3-41B9-9BDC-127BD66D618A}.Debug|x86.Deploy.0 = Debug|Any CPU
		{4113A94E-67F3-41B9-9BDC-127BD66D618A}.Release|Any CPU.ActiveCfg = Release|Any CPU
		{4113A94E-67F3-41B9-9BDC-127BD66D618A}.Release|Any CPU.Build.0 = Release|Any CPU
		{4113A94E-67F3-41B9-9BDC-127BD66D618A}.Release|Any CPU.Deploy.0 = Release|Any CPU
		{4113A94E-67F3-41B9-9BDC-127BD66D618A}.Release|ARM.ActiveCfg = Release|Any CPU
		{4113A94E-67F3-41B9-9BDC-127BD66D618A}.Release|ARM.Build.0 = Release|Any CPU
		{4113A94E-67F3-41B9-9BDC-127BD66D618A}.Release|ARM.Deploy.0 = Release|Any CPU
		{4113A94E-67F3-41B9-9BDC-127BD66D618A}.Release|iPhone.ActiveCfg = Release|Any CPU
		{4113A94E-67F3-41B9-9BDC-127BD66D618A}.Release|iPhone.Build.0 = Release|Any CPU
		{4113A94E-67F3-41B9-9BDC-127BD66D618A}.Release|iPhone.Deploy.0 = Release|Any CPU
		{4113A94E-67F3-41B9-9BDC-127BD66D618A}.Release|iPhoneSimulator.ActiveCfg = Release|Any CPU
		{4113A94E-67F3-41B9-9BDC-127BD66D618A}.Release|iPhoneSimulator.Build.0 = Release|Any CPU
		{4113A94E-67F3-41B9-9BDC-127BD66D618A}.Release|iPhoneSimulator.Deploy.0 = Release|Any CPU
		{4113A94E-67F3-41B9-9BDC-127BD66D618A}.Release|x64.ActiveCfg = Release|Any CPU
		{4113A94E-67F3-41B9-9BDC-127BD66D618A}.Release|x64.Build.0 = Release|Any CPU
		{4113A94E-67F3-41B9-9BDC-127BD66D618A}.Release|x64.Deploy.0 = Release|Any CPU
		{4113A94E-67F3-41B9-9BDC-127BD66D618A}.Release|x86.ActiveCfg = Release|Any CPU
		{4113A94E-67F3-41B9-9BDC-127BD66D618A}.Release|x86.Build.0 = Release|Any CPU
		{4113A94E-67F3-41B9-9BDC-127BD66D618A}.Release|x86.Deploy.0 = Release|Any CPU
	EndGlobalSection
	GlobalSection(SolutionProperties) = preSolution
		HideSolutionNode = FALSE
	EndGlobalSection
	GlobalSection(ExtensibilityGlobals) = postSolution
		SolutionGuid = {02852B2F-B7F4-4754-994F-35A219597377}
	EndGlobalSection
EndGlobal
